
Microsoft Visual Studio Solution File, Format Version 12.00
# Visual Studio 15
VisualStudioVersion = 15.0.27004.2009
MinimumVisualStudioVersion = 10.0.40219.1
Project("{FAE04EC0-301F-11D3-BF4B-00C04F79EFBC}") = "HN.NugetServer", "HN.NugetServer\HN.NugetServer.csproj", "{D495B515-8906-4A99-BF64-AE85153A13D6}"
EndProject
Global
	GlobalSection(SolutionConfigurationPlatforms) = preSolution
		Debug|Any CPU = Debug|Any CPU
		Release|Any CPU = Release|Any CPU
	EndGlobalSection
	GlobalSection(ProjectConfigurationPlatforms) = postSolution
		{D495B515-8906-4A99-BF64-AE85153A13D6}.Debug|Any CPU.ActiveCfg = Debug|Any CPU
		{D495B515-8906-4A99-BF64-AE85153A13D6}.Debug|Any CPU.Build.0 = Debug|Any CPU
		{D495B515-8906-4A99-BF64-AE85153A13D6}.Release|Any CPU.ActiveCfg = Release|Any CPU
		{D495B515-8906-4A99-BF64-AE85153A13D6}.Release|Any CPU.Build.0 = Release|Any CPU
	EndGlobalSection
	GlobalSection(SolutionProperties) = preSolution
		HideSolutionNode = FALSE
	EndGlobalSection
	GlobalSection(ExtensibilityGlobals) = postSolution
		SolutionGuid = {69F8E670-3072-4088-9C96-D1DA7D188E24}
	EndGlobalSection
EndGlobal
